
Microsoft Visual Studio Solution File, Format Version 12.00
# Visual Studio Version 17
VisualStudioVersion = 17.1.32228.430
MinimumVisualStudioVersion = 10.0.40219.1
Project("{FAE04EC0-301F-11D3-BF4B-00C04F79EFBC}") = "Ejemplo01", "Ejemplo01\Ejemplo01.csproj", "{2B47AC72-4148-49CC-9D2E-A542DDA8FB29}"
EndProject
Project("{FAE04EC0-301F-11D3-BF4B-00C04F79EFBC}") = "WinAsyncAwait", "WinAsyncAwait\WinAsyncAwait.csproj", "{3AF050D8-EC8C-436E-A24F-896D31FD149C}"
EndProject
Project("{FAE04EC0-301F-11D3-BF4B-00C04F79EFBC}") = "Ejemplo02", "Ejemplo02\Ejemplo02.csproj", "{8D1BE635-032A-4FA0-A040-036C4B5D2201}"
EndProject
Global
	GlobalSection(SolutionConfigurationPlatforms) = preSolution
		Debug|Any CPU = Debug|Any CPU
		Release|Any CPU = Release|Any CPU
	EndGlobalSection
	GlobalSection(ProjectConfigurationPlatforms) = postSolution
		{2B47AC72-4148-49CC-9D2E-A542DDA8FB29}.Debug|Any CPU.ActiveCfg = Debug|Any CPU
		{2B47AC72-4148-49CC-9D2E-A542DDA8FB29}.Debug|Any CPU.Build.0 = Debug|Any CPU
		{2B47AC72-4148-49CC-9D2E-A542DDA8FB29}.Release|Any CPU.ActiveCfg = Release|Any CPU
		{2B47AC72-4148-49CC-9D2E-A542DDA8FB29}.Release|Any CPU.Build.0 = Release|Any CPU
		{3AF050D8-EC8C-436E-A24F-896D31FD149C}.Debug|Any CPU.ActiveCfg = Debug|Any CPU
		{3AF050D8-EC8C-436E-A24F-896D31FD149C}.Debug|Any CPU.Build.0 = Debug|Any CPU
		{3AF050D8-EC8C-436E-A24F-896D31FD149C}.Release|Any CPU.ActiveCfg = Release|Any CPU
		{3AF050D8-EC8C-436E-A24F-896D31FD149C}.Release|Any CPU.Build.0 = Release|Any CPU
		{8D1BE635-032A-4FA0-A040-036C4B5D2201}.Debug|Any CPU.ActiveCfg = Debug|Any CPU
		{8D1BE635-032A-4FA0-A040-036C4B5D2201}.Debug|Any CPU.Build.0 = Debug|Any CPU
		{8D1BE635-032A-4FA0-A040-036C4B5D2201}.Release|Any CPU.ActiveCfg = Release|Any CPU
		{8D1BE635-032A-4FA0-A040-036C4B5D2201}.Release|Any CPU.Build.0 = Release|Any CPU
	EndGlobalSection
	GlobalSection(SolutionProperties) = preSolution
		HideSolutionNode = FALSE
	EndGlobalSection
	GlobalSection(ExtensibilityGlobals) = postSolution
		SolutionGuid = {F0982083-4792-4CA6-AB9B-F2D59AB5E889}
	EndGlobalSection
EndGlobal
